
Microsoft Visual Studio Solution File, Format Version 12.00
# Visual Studio 15
VisualStudioVersion = 15.0.28307.329
MinimumVisualStudioVersion = 10.0.40219.1
Project("{FAE04EC0-301F-11D3-BF4B-00C04F79EFBC}") = "CalculateHeightAndLevel", "CalculateHeightAndLevel\CalculateHeightAndLevel.csproj", "{636D528C-73A1-4203-8F1F-0DCF8272822C}"
EndProject
Project("{FAE04EC0-301F-11D3-BF4B-00C04F79EFBC}") = "CalcHeightAndLevelTestSuite", "CalcHeightAndLevelTestSuite\CalcHeightAndLevelTestSuite.csproj", "{C7BB752E-B4BA-4621-89C5-BE2FD6082D24}"
EndProject
Global
	GlobalSection(SolutionConfigurationPlatforms) = preSolution
		Debug|Any CPU = Debug|Any CPU
		Release|Any CPU = Release|Any CPU
	EndGlobalSection
	GlobalSection(ProjectConfigurationPlatforms) = postSolution
		{636D528C-73A1-4203-8F1F-0DCF8272822C}.Debug|Any CPU.ActiveCfg = Debug|Any CPU
		{636D528C-73A1-4203-8F1F-0DCF8272822C}.Debug|Any CPU.Build.0 = Debug|Any CPU
		{636D528C-73A1-4203-8F1F-0DCF8272822C}.Release|Any CPU.ActiveCfg = Release|Any CPU
		{636D528C-73A1-4203-8F1F-0DCF8272822C}.Release|Any CPU.Build.0 = Release|Any CPU
		{C7BB752E-B4BA-4621-89C5-BE2FD6082D24}.Debug|Any CPU.ActiveCfg = Debug|Any CPU
		{C7BB752E-B4BA-4621-89C5-BE2FD6082D24}.Debug|Any CPU.Build.0 = Debug|Any CPU
		{C7BB752E-B4BA-4621-89C5-BE2FD6082D24}.Release|Any CPU.ActiveCfg = Release|Any CPU
		{C7BB752E-B4BA-4621-89C5-BE2FD6082D24}.Release|Any CPU.Build.0 = Release|Any CPU
	EndGlobalSection
	GlobalSection(SolutionProperties) = preSolution
		HideSolutionNode = FALSE
	EndGlobalSection
	GlobalSection(ExtensibilityGlobals) = postSolution
		SolutionGuid = {3D0B885F-2ECB-4D53-95A3-89F1ACC49312}
	EndGlobalSection
EndGlobal
