
Microsoft Visual Studio Solution File, Format Version 12.00
# Visual Studio 15
VisualStudioVersion = 15.0.28307.271
MinimumVisualStudioVersion = 10.0.40219.1
Project("{FAE04EC0-301F-11D3-BF4B-00C04F79EFBC}") = "AnimalShelter", "AnimalShelter\AnimalShelter.csproj", "{6171A460-9565-4260-9F44-EB9E0964136C}"
EndProject
Global
	GlobalSection(SolutionConfigurationPlatforms) = preSolution
		Debug|Any CPU = Debug|Any CPU
		Release|Any CPU = Release|Any CPU
	EndGlobalSection
	GlobalSection(ProjectConfigurationPlatforms) = postSolution
		{6171A460-9565-4260-9F44-EB9E0964136C}.Debug|Any CPU.ActiveCfg = Debug|Any CPU
		{6171A460-9565-4260-9F44-EB9E0964136C}.Debug|Any CPU.Build.0 = Debug|Any CPU
		{6171A460-9565-4260-9F44-EB9E0964136C}.Release|Any CPU.ActiveCfg = Release|Any CPU
		{6171A460-9565-4260-9F44-EB9E0964136C}.Release|Any CPU.Build.0 = Release|Any CPU
	EndGlobalSection
	GlobalSection(SolutionProperties) = preSolution
		HideSolutionNode = FALSE
	EndGlobalSection
	GlobalSection(ExtensibilityGlobals) = postSolution
		SolutionGuid = {F10B51AF-2D8F-4B2D-9FB5-E82C3083593D}
	EndGlobalSection
EndGlobal
