
Microsoft Visual Studio Solution File, Format Version 12.00
# Visual Studio 15
VisualStudioVersion = 15.0.28307.329
MinimumVisualStudioVersion = 10.0.40219.1
Project("{FAE04EC0-301F-11D3-BF4B-00C04F79EFBC}") = "Graph", "Graph\Graph.csproj", "{F3342AF1-0C23-4951-90D9-023F63B76E1C}"
EndProject
Project("{FAE04EC0-301F-11D3-BF4B-00C04F79EFBC}") = "GraphTestSuite", "GraphTestSuite\GraphTestSuite.csproj", "{7947EA7A-31E2-44DF-9935-38CC12AF3694}"
EndProject
Global
	GlobalSection(SolutionConfigurationPlatforms) = preSolution
		Debug|Any CPU = Debug|Any CPU
		Release|Any CPU = Release|Any CPU
	EndGlobalSection
	GlobalSection(ProjectConfigurationPlatforms) = postSolution
		{F3342AF1-0C23-4951-90D9-023F63B76E1C}.Debug|Any CPU.ActiveCfg = Debug|Any CPU
		{F3342AF1-0C23-4951-90D9-023F63B76E1C}.Debug|Any CPU.Build.0 = Debug|Any CPU
		{F3342AF1-0C23-4951-90D9-023F63B76E1C}.Release|Any CPU.ActiveCfg = Release|Any CPU
		{F3342AF1-0C23-4951-90D9-023F63B76E1C}.Release|Any CPU.Build.0 = Release|Any CPU
		{7947EA7A-31E2-44DF-9935-38CC12AF3694}.Debug|Any CPU.ActiveCfg = Debug|Any CPU
		{7947EA7A-31E2-44DF-9935-38CC12AF3694}.Debug|Any CPU.Build.0 = Debug|Any CPU
		{7947EA7A-31E2-44DF-9935-38CC12AF3694}.Release|Any CPU.ActiveCfg = Release|Any CPU
		{7947EA7A-31E2-44DF-9935-38CC12AF3694}.Release|Any CPU.Build.0 = Release|Any CPU
	EndGlobalSection
	GlobalSection(SolutionProperties) = preSolution
		HideSolutionNode = FALSE
	EndGlobalSection
	GlobalSection(ExtensibilityGlobals) = postSolution
		SolutionGuid = {26F32843-8D72-4B13-9AED-B563534774CB}
	EndGlobalSection
EndGlobal
