
Microsoft Visual Studio Solution File, Format Version 12.00
# Visual Studio 15
VisualStudioVersion = 15.0.28307.329
MinimumVisualStudioVersion = 10.0.40219.1
Project("{FAE04EC0-301F-11D3-BF4B-00C04F79EFBC}") = "RepeatedWord", "RepeatedWord\RepeatedWord.csproj", "{4FC8E85B-5C20-4AAF-845D-2C6381307B3A}"
EndProject
Project("{FAE04EC0-301F-11D3-BF4B-00C04F79EFBC}") = "RepeatedWordTestSuite", "RepeatedWordTestSuite\RepeatedWordTestSuite.csproj", "{32A74027-2396-42FE-A868-E1EB0FC9AC22}"
EndProject
Global
	GlobalSection(SolutionConfigurationPlatforms) = preSolution
		Debug|Any CPU = Debug|Any CPU
		Release|Any CPU = Release|Any CPU
	EndGlobalSection
	GlobalSection(ProjectConfigurationPlatforms) = postSolution
		{4FC8E85B-5C20-4AAF-845D-2C6381307B3A}.Debug|Any CPU.ActiveCfg = Debug|Any CPU
		{4FC8E85B-5C20-4AAF-845D-2C6381307B3A}.Debug|Any CPU.Build.0 = Debug|Any CPU
		{4FC8E85B-5C20-4AAF-845D-2C6381307B3A}.Release|Any CPU.ActiveCfg = Release|Any CPU
		{4FC8E85B-5C20-4AAF-845D-2C6381307B3A}.Release|Any CPU.Build.0 = Release|Any CPU
		{32A74027-2396-42FE-A868-E1EB0FC9AC22}.Debug|Any CPU.ActiveCfg = Debug|Any CPU
		{32A74027-2396-42FE-A868-E1EB0FC9AC22}.Debug|Any CPU.Build.0 = Debug|Any CPU
		{32A74027-2396-42FE-A868-E1EB0FC9AC22}.Release|Any CPU.ActiveCfg = Release|Any CPU
		{32A74027-2396-42FE-A868-E1EB0FC9AC22}.Release|Any CPU.Build.0 = Release|Any CPU
	EndGlobalSection
	GlobalSection(SolutionProperties) = preSolution
		HideSolutionNode = FALSE
	EndGlobalSection
	GlobalSection(ExtensibilityGlobals) = postSolution
		SolutionGuid = {6F00D2ED-8E73-4B2E-9FD7-F1703DCAACDD}
	EndGlobalSection
EndGlobal
