
Microsoft Visual Studio Solution File, Format Version 12.00
# Visual Studio 15
VisualStudioVersion = 15.0.28307.168
MinimumVisualStudioVersion = 10.0.40219.1
Project("{9A19103F-16F7-4668-BE54-9A1E7A4F7556}") = "FibNum", "FibNum\FibNum.csproj", "{3BBD6E13-839F-4386-9652-EAC04FE5F75F}"
EndProject
Project("{FAE04EC0-301F-11D3-BF4B-00C04F79EFBC}") = "FibNumTest", "FibNumTest\FibNumTest.csproj", "{8FC34E17-66CC-425B-9A1E-7A3404BB8D55}"
EndProject
Global
	GlobalSection(SolutionConfigurationPlatforms) = preSolution
		Debug|Any CPU = Debug|Any CPU
		Release|Any CPU = Release|Any CPU
	EndGlobalSection
	GlobalSection(ProjectConfigurationPlatforms) = postSolution
		{3BBD6E13-839F-4386-9652-EAC04FE5F75F}.Debug|Any CPU.ActiveCfg = Debug|Any CPU
		{3BBD6E13-839F-4386-9652-EAC04FE5F75F}.Debug|Any CPU.Build.0 = Debug|Any CPU
		{3BBD6E13-839F-4386-9652-EAC04FE5F75F}.Release|Any CPU.ActiveCfg = Release|Any CPU
		{3BBD6E13-839F-4386-9652-EAC04FE5F75F}.Release|Any CPU.Build.0 = Release|Any CPU
		{8FC34E17-66CC-425B-9A1E-7A3404BB8D55}.Debug|Any CPU.ActiveCfg = Debug|Any CPU
		{8FC34E17-66CC-425B-9A1E-7A3404BB8D55}.Debug|Any CPU.Build.0 = Debug|Any CPU
		{8FC34E17-66CC-425B-9A1E-7A3404BB8D55}.Release|Any CPU.ActiveCfg = Release|Any CPU
		{8FC34E17-66CC-425B-9A1E-7A3404BB8D55}.Release|Any CPU.Build.0 = Release|Any CPU
	EndGlobalSection
	GlobalSection(SolutionProperties) = preSolution
		HideSolutionNode = FALSE
	EndGlobalSection
	GlobalSection(ExtensibilityGlobals) = postSolution
		SolutionGuid = {421617A2-6F2F-4665-9104-7DA4C7C33E25}
	EndGlobalSection
EndGlobal
