
Microsoft Visual Studio Solution File, Format Version 12.00
# Visual Studio 15
VisualStudioVersion = 15.0.28307.168
MinimumVisualStudioVersion = 10.0.40219.1
Project("{FAE04EC0-301F-11D3-BF4B-00C04F79EFBC}") = "PerfectSequence", "PerfectSequence\PerfectSequence.csproj", "{4E1B8382-DFDC-4157-B676-2555CA2642FF}"
EndProject
Global
	GlobalSection(SolutionConfigurationPlatforms) = preSolution
		Debug|Any CPU = Debug|Any CPU
		Release|Any CPU = Release|Any CPU
	EndGlobalSection
	GlobalSection(ProjectConfigurationPlatforms) = postSolution
		{4E1B8382-DFDC-4157-B676-2555CA2642FF}.Debug|Any CPU.ActiveCfg = Debug|Any CPU
		{4E1B8382-DFDC-4157-B676-2555CA2642FF}.Debug|Any CPU.Build.0 = Debug|Any CPU
		{4E1B8382-DFDC-4157-B676-2555CA2642FF}.Release|Any CPU.ActiveCfg = Release|Any CPU
		{4E1B8382-DFDC-4157-B676-2555CA2642FF}.Release|Any CPU.Build.0 = Release|Any CPU
	EndGlobalSection
	GlobalSection(SolutionProperties) = preSolution
		HideSolutionNode = FALSE
	EndGlobalSection
	GlobalSection(ExtensibilityGlobals) = postSolution
		SolutionGuid = {98452BEF-5186-4E85-99B3-C6D88C253058}
	EndGlobalSection
EndGlobal
