
Microsoft Visual Studio Solution File, Format Version 12.00
# Visual Studio 15
VisualStudioVersion = 15.0.28307.329
MinimumVisualStudioVersion = 10.0.40219.1
Project("{FAE04EC0-301F-11D3-BF4B-00C04F79EFBC}") = "CompareLeafs", "CompareLeafs\CompareLeafs.csproj", "{E4030EC3-1453-4026-9453-8EA59602DB90}"
EndProject
Project("{FAE04EC0-301F-11D3-BF4B-00C04F79EFBC}") = "CompareLeavesTestSuite", "CompareLeavesTestSuite\CompareLeavesTestSuite.csproj", "{D365A917-F285-43B6-8B25-A48F108F2330}"
EndProject
Global
	GlobalSection(SolutionConfigurationPlatforms) = preSolution
		Debug|Any CPU = Debug|Any CPU
		Release|Any CPU = Release|Any CPU
	EndGlobalSection
	GlobalSection(ProjectConfigurationPlatforms) = postSolution
		{E4030EC3-1453-4026-9453-8EA59602DB90}.Debug|Any CPU.ActiveCfg = Debug|Any CPU
		{E4030EC3-1453-4026-9453-8EA59602DB90}.Debug|Any CPU.Build.0 = Debug|Any CPU
		{E4030EC3-1453-4026-9453-8EA59602DB90}.Release|Any CPU.ActiveCfg = Release|Any CPU
		{E4030EC3-1453-4026-9453-8EA59602DB90}.Release|Any CPU.Build.0 = Release|Any CPU
		{D365A917-F285-43B6-8B25-A48F108F2330}.Debug|Any CPU.ActiveCfg = Debug|Any CPU
		{D365A917-F285-43B6-8B25-A48F108F2330}.Debug|Any CPU.Build.0 = Debug|Any CPU
		{D365A917-F285-43B6-8B25-A48F108F2330}.Release|Any CPU.ActiveCfg = Release|Any CPU
		{D365A917-F285-43B6-8B25-A48F108F2330}.Release|Any CPU.Build.0 = Release|Any CPU
	EndGlobalSection
	GlobalSection(SolutionProperties) = preSolution
		HideSolutionNode = FALSE
	EndGlobalSection
	GlobalSection(ExtensibilityGlobals) = postSolution
		SolutionGuid = {17419343-4D50-4623-A2D2-E4C0F17C50DE}
	EndGlobalSection
EndGlobal
